
Microsoft Visual Studio Solution File, Format Version 12.00
# Visual Studio Version 16
VisualStudioVersion = 16.0.31410.357
MinimumVisualStudioVersion = 10.0.40219.1
Project("{FAE04EC0-301F-11D3-BF4B-00C04F79EFBC}") = "MethodClassSubmissionAssignment", "MethodClassSubmissionAssignment.csproj", "{3FAF7A7E-9700-41C5-892B-A6FE4C9A9291}"
EndProject
Global
	GlobalSection(SolutionConfigurationPlatforms) = preSolution
		Debug|Any CPU = Debug|Any CPU
		Release|Any CPU = Release|Any CPU
	EndGlobalSection
	GlobalSection(ProjectConfigurationPlatforms) = postSolution
		{3FAF7A7E-9700-41C5-892B-A6FE4C9A9291}.Debug|Any CPU.ActiveCfg = Debug|Any CPU
		{3FAF7A7E-9700-41C5-892B-A6FE4C9A9291}.Debug|Any CPU.Build.0 = Debug|Any CPU
		{3FAF7A7E-9700-41C5-892B-A6FE4C9A9291}.Release|Any CPU.ActiveCfg = Release|Any CPU
		{3FAF7A7E-9700-41C5-892B-A6FE4C9A9291}.Release|Any CPU.Build.0 = Release|Any CPU
	EndGlobalSection
	GlobalSection(SolutionProperties) = preSolution
		HideSolutionNode = FALSE
	EndGlobalSection
	GlobalSection(ExtensibilityGlobals) = postSolution
		SolutionGuid = {5C164C50-0CCC-49FA-A248-6739916342C5}
	EndGlobalSection
EndGlobal
