
Microsoft Visual Studio Solution File, Format Version 12.00
# Visual Studio Version 16
VisualStudioVersion = 16.0.31424.327
MinimumVisualStudioVersion = 10.0.40219.1
Project("{FAE04EC0-301F-11D3-BF4B-00C04F79EFBC}") = "ContosoUniversity", "ContosoUniversity\ContosoUniversity.csproj", "{AB1794FA-0D54-460A-A3EF-AF110DA254DB}"
EndProject
Global
	GlobalSection(SolutionConfigurationPlatforms) = preSolution
		Debug|Any CPU = Debug|Any CPU
		Release|Any CPU = Release|Any CPU
	EndGlobalSection
	GlobalSection(ProjectConfigurationPlatforms) = postSolution
		{AB1794FA-0D54-460A-A3EF-AF110DA254DB}.Debug|Any CPU.ActiveCfg = Debug|Any CPU
		{AB1794FA-0D54-460A-A3EF-AF110DA254DB}.Debug|Any CPU.Build.0 = Debug|Any CPU
		{AB1794FA-0D54-460A-A3EF-AF110DA254DB}.Release|Any CPU.ActiveCfg = Release|Any CPU
		{AB1794FA-0D54-460A-A3EF-AF110DA254DB}.Release|Any CPU.Build.0 = Release|Any CPU
	EndGlobalSection
	GlobalSection(SolutionProperties) = preSolution
		HideSolutionNode = FALSE
	EndGlobalSection
	GlobalSection(ExtensibilityGlobals) = postSolution
		SolutionGuid = {8C8D47DE-145A-41AD-97B6-C2796868485C}
	EndGlobalSection
EndGlobal
