
Microsoft Visual Studio Solution File, Format Version 12.00
# Visual Studio Version 16
VisualStudioVersion = 16.0.31410.357
MinimumVisualStudioVersion = 10.0.40219.1
Project("{FAE04EC0-301F-11D3-BF4B-00C04F79EFBC}") = "TwentyOne", "TwentyOne.csproj", "{B47DF13F-9C2D-4CC7-9412-BE4DD437E2F4}"
EndProject
Project("{FAE04EC0-301F-11D3-BF4B-00C04F79EFBC}") = "Casino", "..\Casino\Casino.csproj", "{524DA8A6-73E5-45D3-BC0F-E4C02E47C644}"
EndProject
Global
	GlobalSection(SolutionConfigurationPlatforms) = preSolution
		Debug|Any CPU = Debug|Any CPU
		Release|Any CPU = Release|Any CPU
	EndGlobalSection
	GlobalSection(ProjectConfigurationPlatforms) = postSolution
		{B47DF13F-9C2D-4CC7-9412-BE4DD437E2F4}.Debug|Any CPU.ActiveCfg = Debug|Any CPU
		{B47DF13F-9C2D-4CC7-9412-BE4DD437E2F4}.Debug|Any CPU.Build.0 = Debug|Any CPU
		{B47DF13F-9C2D-4CC7-9412-BE4DD437E2F4}.Release|Any CPU.ActiveCfg = Release|Any CPU
		{B47DF13F-9C2D-4CC7-9412-BE4DD437E2F4}.Release|Any CPU.Build.0 = Release|Any CPU
		{524DA8A6-73E5-45D3-BC0F-E4C02E47C644}.Debug|Any CPU.ActiveCfg = Debug|Any CPU
		{524DA8A6-73E5-45D3-BC0F-E4C02E47C644}.Debug|Any CPU.Build.0 = Debug|Any CPU
		{524DA8A6-73E5-45D3-BC0F-E4C02E47C644}.Release|Any CPU.ActiveCfg = Release|Any CPU
		{524DA8A6-73E5-45D3-BC0F-E4C02E47C644}.Release|Any CPU.Build.0 = Release|Any CPU
	EndGlobalSection
	GlobalSection(SolutionProperties) = preSolution
		HideSolutionNode = FALSE
	EndGlobalSection
	GlobalSection(ExtensibilityGlobals) = postSolution
		SolutionGuid = {E66FDD75-A397-46D3-86F3-96BBF7D1B848}
	EndGlobalSection
EndGlobal
