
Microsoft Visual Studio Solution File, Format Version 12.00
# Visual Studio Version 16
VisualStudioVersion = 16.0.31424.327
MinimumVisualStudioVersion = 10.0.40219.1
Project("{FAE04EC0-301F-11D3-BF4B-00C04F79EFBC}") = "NewsletterAppMVC", "NewsletterAppMVC.csproj", "{EEFA3480-82A5-4E86-9483-C5206BEA53C3}"
EndProject
Global
	GlobalSection(SolutionConfigurationPlatforms) = preSolution
		Debug|Any CPU = Debug|Any CPU
		Release|Any CPU = Release|Any CPU
	EndGlobalSection
	GlobalSection(ProjectConfigurationPlatforms) = postSolution
		{EEFA3480-82A5-4E86-9483-C5206BEA53C3}.Debug|Any CPU.ActiveCfg = Debug|Any CPU
		{EEFA3480-82A5-4E86-9483-C5206BEA53C3}.Debug|Any CPU.Build.0 = Debug|Any CPU
		{EEFA3480-82A5-4E86-9483-C5206BEA53C3}.Release|Any CPU.ActiveCfg = Release|Any CPU
		{EEFA3480-82A5-4E86-9483-C5206BEA53C3}.Release|Any CPU.Build.0 = Release|Any CPU
	EndGlobalSection
	GlobalSection(SolutionProperties) = preSolution
		HideSolutionNode = FALSE
	EndGlobalSection
	GlobalSection(ExtensibilityGlobals) = postSolution
		SolutionGuid = {2356A75A-7EC2-4A0F-9B05-EFD1F197DC55}
	EndGlobalSection
EndGlobal
