
Microsoft Visual Studio Solution File, Format Version 12.00
# Visual Studio Version 16
VisualStudioVersion = 16.0.31410.357
MinimumVisualStudioVersion = 10.0.40219.1
Project("{FAE04EC0-301F-11D3-BF4B-00C04F79EFBC}") = "StringsAndIntegersSubmissionAssignment", "StringsAndIntegersSubmissionAssignment.csproj", "{544E4127-CB78-49DE-A5C6-A75A1869282F}"
EndProject
Global
	GlobalSection(SolutionConfigurationPlatforms) = preSolution
		Debug|Any CPU = Debug|Any CPU
		Release|Any CPU = Release|Any CPU
	EndGlobalSection
	GlobalSection(ProjectConfigurationPlatforms) = postSolution
		{544E4127-CB78-49DE-A5C6-A75A1869282F}.Debug|Any CPU.ActiveCfg = Debug|Any CPU
		{544E4127-CB78-49DE-A5C6-A75A1869282F}.Debug|Any CPU.Build.0 = Debug|Any CPU
		{544E4127-CB78-49DE-A5C6-A75A1869282F}.Release|Any CPU.ActiveCfg = Release|Any CPU
		{544E4127-CB78-49DE-A5C6-A75A1869282F}.Release|Any CPU.Build.0 = Release|Any CPU
	EndGlobalSection
	GlobalSection(SolutionProperties) = preSolution
		HideSolutionNode = FALSE
	EndGlobalSection
	GlobalSection(ExtensibilityGlobals) = postSolution
		SolutionGuid = {20E3D8F7-F37B-4E9D-AFFE-2E39153F8D49}
	EndGlobalSection
EndGlobal
