
Microsoft Visual Studio Solution File, Format Version 12.00
# Visual Studio Version 16
VisualStudioVersion = 16.0.31424.327
MinimumVisualStudioVersion = 10.0.40219.1
Project("{FAE04EC0-301F-11D3-BF4B-00C04F79EFBC}") = "ChallengeSubmissionAssignment", "ChallengeSubmissionAssignment\ChallengeSubmissionAssignment.csproj", "{39B3D8B8-5EB5-471E-8C6E-904F6A908C93}"
EndProject
Global
	GlobalSection(SolutionConfigurationPlatforms) = preSolution
		Debug|Any CPU = Debug|Any CPU
		Release|Any CPU = Release|Any CPU
	EndGlobalSection
	GlobalSection(ProjectConfigurationPlatforms) = postSolution
		{39B3D8B8-5EB5-471E-8C6E-904F6A908C93}.Debug|Any CPU.ActiveCfg = Debug|Any CPU
		{39B3D8B8-5EB5-471E-8C6E-904F6A908C93}.Debug|Any CPU.Build.0 = Debug|Any CPU
		{39B3D8B8-5EB5-471E-8C6E-904F6A908C93}.Release|Any CPU.ActiveCfg = Release|Any CPU
		{39B3D8B8-5EB5-471E-8C6E-904F6A908C93}.Release|Any CPU.Build.0 = Release|Any CPU
	EndGlobalSection
	GlobalSection(SolutionProperties) = preSolution
		HideSolutionNode = FALSE
	EndGlobalSection
	GlobalSection(ExtensibilityGlobals) = postSolution
		SolutionGuid = {1789EF89-4C05-487E-A5AA-581340EC1331}
	EndGlobalSection
EndGlobal
