
Microsoft Visual Studio Solution File, Format Version 12.00
# Visual Studio Version 16
VisualStudioVersion = 16.0.31410.357
MinimumVisualStudioVersion = 10.0.40219.1
Project("{FAE04EC0-301F-11D3-BF4B-00C04F79EFBC}") = "OperatorsSubmissionAssignment", "OperatorsSubmissionAssignment.csproj", "{C3DA56A1-36F8-4058-BD37-A7BB06BB339B}"
EndProject
Global
	GlobalSection(SolutionConfigurationPlatforms) = preSolution
		Debug|Any CPU = Debug|Any CPU
		Release|Any CPU = Release|Any CPU
	EndGlobalSection
	GlobalSection(ProjectConfigurationPlatforms) = postSolution
		{C3DA56A1-36F8-4058-BD37-A7BB06BB339B}.Debug|Any CPU.ActiveCfg = Debug|Any CPU
		{C3DA56A1-36F8-4058-BD37-A7BB06BB339B}.Debug|Any CPU.Build.0 = Debug|Any CPU
		{C3DA56A1-36F8-4058-BD37-A7BB06BB339B}.Release|Any CPU.ActiveCfg = Release|Any CPU
		{C3DA56A1-36F8-4058-BD37-A7BB06BB339B}.Release|Any CPU.Build.0 = Release|Any CPU
	EndGlobalSection
	GlobalSection(SolutionProperties) = preSolution
		HideSolutionNode = FALSE
	EndGlobalSection
	GlobalSection(ExtensibilityGlobals) = postSolution
		SolutionGuid = {8FF8D6C5-9C7B-4394-93FC-0047082D23DC}
	EndGlobalSection
EndGlobal
