
Microsoft Visual Studio Solution File, Format Version 12.00
# Visual Studio Version 16
VisualStudioVersion = 16.0.31410.357
MinimumVisualStudioVersion = 10.0.40219.1
Project("{FAE04EC0-301F-11D3-BF4B-00C04F79EFBC}") = "ParsingEnumsSubmissionAssignment", "ParsingEnumsSubmissionAssignment.csproj", "{84C9C3A2-D5A8-4A50-ADCE-6670A5A1914E}"
EndProject
Global
	GlobalSection(SolutionConfigurationPlatforms) = preSolution
		Debug|Any CPU = Debug|Any CPU
		Release|Any CPU = Release|Any CPU
	EndGlobalSection
	GlobalSection(ProjectConfigurationPlatforms) = postSolution
		{84C9C3A2-D5A8-4A50-ADCE-6670A5A1914E}.Debug|Any CPU.ActiveCfg = Debug|Any CPU
		{84C9C3A2-D5A8-4A50-ADCE-6670A5A1914E}.Debug|Any CPU.Build.0 = Debug|Any CPU
		{84C9C3A2-D5A8-4A50-ADCE-6670A5A1914E}.Release|Any CPU.ActiveCfg = Release|Any CPU
		{84C9C3A2-D5A8-4A50-ADCE-6670A5A1914E}.Release|Any CPU.Build.0 = Release|Any CPU
	EndGlobalSection
	GlobalSection(SolutionProperties) = preSolution
		HideSolutionNode = FALSE
	EndGlobalSection
	GlobalSection(ExtensibilityGlobals) = postSolution
		SolutionGuid = {EF2988A8-891D-4B11-A4C6-75B9D6DF8256}
	EndGlobalSection
EndGlobal
